{
  "originHash" : "11db7f38193e6b44b18c30a4b89e435711a6be95838760d7a505db0d8b8b7396",
  "pins" : [
    {
      "identity" : "context-shared-models",
      "kind" : "remoteSourceControl",
      "location" : "https://github.com/grepug/context-shared-models.git",
      "state" : {
        "branch" : "main",
        "revision" : "07b2ed624310d8490b0b6b44d0e725985a892908"
      }
    },
    {
      "identity" : "event-source",
      "kind" : "remoteSourceControl",
      "location" : "https://github.com/grepug/event-source.git",
      "state" : {
        "branch" : "master",
        "revision" : "9573201033c457f0786e4419fea8752bde0a52c1"
      }
    },
    {
      "identity" : "swift-collections",
      "kind" : "remoteSourceControl",
      "location" : "https://github.com/apple/swift-collections.git",
      "state" : {
        "revision" : "671108c96644956dddcd89dd59c203dcdb36cec7",
        "version" : "1.1.4"
      }
    }
  ],
  "version" : 3
}
